# This file is automatically @generated by Cargo.
# It is not intended for manual editing.
version = 4

[[package]]
name = "abstraction-facade-jobs"
version = "0.0.0"
dependencies = [
 "abstraction-facade-service",
 "abstraction-job-api",
]

[[package]]
name = "abstraction-facade-native"
version = "0.0.0"
dependencies = [
 "abstraction-facade-service",
 "abstraction-ipc",
]

[[package]]
name = "abstraction-facade-service"
version = "0.0.0"
dependencies = [
 "abstraction-frame",
]

[[package]]
name = "abstraction-frame"
version = "0.0.0"

[[package]]
name = "abstraction-ipc"
version = "0.0.0"
dependencies = [
 "abstraction-frame",
]

[[package]]
name = "abstraction-job-api"
version = "0.0.0"
dependencies = [
 "abstraction-frame",
]

[[package]]
name = "rust-jobs-consumer"
version = "0.0.0"
dependencies = [
 "abstraction-facade-jobs",
 "abstraction-facade-native",
 "abstraction-ipc",
]
