github.com/openabstractions/abstraction-asks/go v0.5.0 h1:FiNrAy14vnbDbCh68Ecrh+AFODL+vWzniYHCd1citrY=
github.com/openabstractions/abstraction-asks/go v0.5.0/go.mod h1:pFX+pvjj4XKU1cNYY1gpWpFGi4buksVOyHMWeQb2qOo=
github.com/openabstractions/abstraction-cas/go v0.4.0 h1:zaAJm5VrYMBQm8U64rtuBS/7MPq0iOB5ZMkA8dsEF1w=
github.com/openabstractions/abstraction-cas/go v0.4.0/go.mod h1:pR8sRTbXF3k7fiXNjNiBqqc7i0Wu9RQvctH3q/wKUYo=
github.com/openabstractions/abstraction-config/go v0.5.0 h1:4JpoBZ1y82XOMC7eZM7WLp55jHNlGUJ0vndAgdVB9sw=
github.com/openabstractions/abstraction-config/go v0.5.0/go.mod h1:BzgiZtG87YkruseCkKCShc1ha9chNr3WNyHASUW6fMA=
github.com/openabstractions/abstraction-credentials/go v0.2.0 h1:krdTNSHcVrODiIQFfjvzjvc/8F9aR3Abn7vUd3rGjs4=
github.com/openabstractions/abstraction-credentials/go v0.2.0/go.mod h1:dAFABYdPWp21sugmIKoSOX/LXCgU15yohHB8a5I2kbg=
github.com/openabstractions/abstraction-download/go v0.6.0 h1:P97+AITWANjknEoG/GZkliUE7mTxr8+fwmgfcp7RuIo=
github.com/openabstractions/abstraction-download/go v0.6.0/go.mod h1:y/1NklzH1gDXZqQhl/Q1WMzNwk1Rrc1mPzqObQM44Ro=
github.com/openabstractions/abstraction-facade/go v0.6.1 h1:a9dasr2M+d9fv1mdQNpNxTYkOPp6wqpNpm/2uGVl8+8=
github.com/openabstractions/abstraction-facade/go v0.6.1/go.mod h1:Bzci5JDkgBopjEn+W6+hP3LtsuW8MEJ/PpxKEdGskSE=
github.com/openabstractions/abstraction-facade/go-core v0.3.0 h1:QSAs64nabM2YLS8AQ3SPMLlWmdIN3NRBjsyKm6jGbl8=
github.com/openabstractions/abstraction-facade/go-core v0.3.0/go.mod h1:zvr+SWV8e7iP2G8vcXE/X/KWhlefraZL70Z0dW5qBFU=
github.com/openabstractions/abstraction-identity v0.4.2 h1:bT7Q37jIQEJg28wHziEju2HDhqnh06ejw05ZnWuCbqU=
github.com/openabstractions/abstraction-identity v0.4.2/go.mod h1:gv5sDQuTQqv/UY+fXY5Q74i1junNIEvf/5UsZxMxwKY=
github.com/openabstractions/abstraction-inference/adapters/go v0.1.0 h1:DZRvqzjBgDrX8D89F+rQSkkJooHWMHOF9Vja9vtLeEc=
github.com/openabstractions/abstraction-inference/adapters/go v0.1.0/go.mod h1:jc/CmeN2gjMfP9V5KsfN4UH7kDwHp0FYjy4ZrPg8bs0=
github.com/openabstractions/abstraction-inference/go v0.2.1 h1:i2nyWKsHvQUTy/Io5VgtE5fB+8bfgwJU+lGLgaqcdKs=
github.com/openabstractions/abstraction-inference/go v0.2.1/go.mod h1:BLVDppDrVkvwjA7L/WTgok19CBmPt3je2YXvGxI71i0=
github.com/openabstractions/abstraction-job/go v0.6.1 h1:4MH0SfJp6bJBW83kUHilsT+JcGl4ZQwTn5sYVV3TYE0=
github.com/openabstractions/abstraction-job/go v0.6.1/go.mod h1:BPDJa2XpkLm9qI62PfMX06rj/mJW47qnf1HSwxJZwOI=
github.com/openabstractions/abstraction-logging/go v0.5.0 h1:pDLo+WvbOMnUsvtgCxjiff3OZ2OORQRCvxWWOqQFj88=
github.com/openabstractions/abstraction-logging/go v0.5.0/go.mod h1:tsxFF7w/SIGaHr156YlKbAdMzAeVJDNYhZf0juAEcz8=
github.com/openabstractions/abstraction-model/go v0.5.0 h1:Q+qEYOdM594BgFppja+2vvGowmI0rUKkIknSPOfRU2o=
github.com/openabstractions/abstraction-model/go v0.5.0/go.mod h1:JnOCl31aNXPIpj9yH3IujXpdFmfm8/wQbB7ZLoxDqnE=
github.com/openabstractions/abstraction-model/identity v0.1.0 h1:D6qQ+eyl9wXg1mZZpEncZcn/XO1Lx71EHXe4Xb9EtsQ=
github.com/openabstractions/abstraction-model/identity v0.1.0/go.mod h1:zhI4vDx4Y8T9P0xt0rK1R0J1N7oTyf+TfktOSyb9MR0=
github.com/openabstractions/abstraction-resource/go v0.1.1 h1:kJiH1b+9gdHsK4vBxmvx8dKKAxxFA9dnU/5SSc3i94I=
github.com/openabstractions/abstraction-resource/go v0.1.1/go.mod h1:K1HGid+FhR4ZtFHqFawx2fKNZg7XwJh1vnnaie1AOnA=
github.com/openabstractions/abstraction-rights/go v0.4.1 h1:pBmyO+a988mpFdifL01/RPyA6KKmcfQ70YB483Tw6BY=
github.com/openabstractions/abstraction-rights/go v0.4.1/go.mod h1:v3HmqO2KwLBQqe8zMLC0s6DJBy2e3OGiE2O+7nOwJRE=
github.com/openabstractions/abstraction-router/go v0.3.0 h1:uoDYBDeu8XCoIye6BcU/e3ZHPHdjKuej5mRJP/uwJbU=
github.com/openabstractions/abstraction-router/go v0.3.0/go.mod h1:VJ5f2g0EqU6yf+UiNK3xAe31vF7c9MO6b+rohZ2uwMo=
github.com/openabstractions/abstraction-storage/go v0.4.0 h1:2vivg4ln8TQ13HpGeeC2ePmGHLIP3pC+AO9NncoPzWk=
github.com/openabstractions/abstraction-storage/go v0.4.0/go.mod h1:bO4kLxU1sX7yPSWTQJuAiTK9v/xAyxeyro82qKtAQpM=
github.com/openabstractions/abstraction-watch/go v0.3.0 h1:cX7ltM7oWkZBbTt6lwKWMAAl1ZmbdXZQcID8v5yB5bg=
github.com/openabstractions/abstraction-watch/go v0.3.0/go.mod h1:kufwl+bMSixuEwA5r1rftuCLm+JTrXr1NiJ2d0VI9K8=
github.com/openabstractions/websocket v0.0.0-20260926143434-ce87d3641bd1 h1:kLmOZRrZT08iBCH2IsW3qe4UE8S0xFkN8TpeU11cdY0=
github.com/openabstractions/websocket v0.0.0-20260926143434-ce87d3641bd1/go.mod h1:inRMFjhc8zZ8s11kvkFxlMHq0aOEWeAO1f8V958iXDc=
golang.org/x/sys v0.47.0 h1:o7XGOvZQCADBQQ4Y7VNq2dRWQR7JmOUW8Kxx4ZsNgWs=
golang.org/x/sys v0.47.0/go.mod h1:4GL1E5IUh+htKOUEOaiffhrAeqysfVGipDYzABqnCmw=
