github.com/openabstractions/abstraction-asks/go v0.3.1-0.20260911224602-f87d9e753f96 h1:wfLbsNgwxhfsf++fcSRw2/pXXYbMPNcYVpWNWYspQ50=
github.com/openabstractions/abstraction-asks/go v0.3.1-0.20260911224602-f87d9e753f96/go.mod h1:qVJ3owL99/kN29l8E+x6VGUTrK7HLzXX7zNjKYrsMec=
github.com/openabstractions/abstraction-cas/go v0.2.0 h1:p9oKcdfO2ogoWh59G+gUivIzsi/zuhhGobZjkqIrbaE=
github.com/openabstractions/abstraction-cas/go v0.2.0/go.mod h1:pR8sRTbXF3k7fiXNjNiBqqc7i0Wu9RQvctH3q/wKUYo=
github.com/openabstractions/abstraction-config/go v0.3.1-0.20260911233857-35b6e4f310bf h1:FseWP7eYopIb8lfELbqN6B8Okz6eaFGRJyxwV7P8Eac=
github.com/openabstractions/abstraction-config/go v0.3.1-0.20260911233857-35b6e4f310bf/go.mod h1:72nKdZLB5BEE8LxNRzluRDT2ZCv0GrxcU4mujUG4gI8=
github.com/openabstractions/abstraction-download/go v0.4.2-0.20260911224658-e6aa8a378ff0 h1:Du+HVvDT/bP1ByrvYoO/QI/28r9ZTp642hkRh/1Q9pM=
github.com/openabstractions/abstraction-download/go v0.4.2-0.20260911224658-e6aa8a378ff0/go.mod h1:B9WcuTxlLdzIA+k/3HvKqtVxTXGCvdlQvRsvcqGNUaY=
github.com/openabstractions/abstraction-identity v0.2.1-0.20260911225957-3aa75da4cda3 h1:UVTRY5BNU58aGM7rrcZSZBuk6i6Gie05Zk77gQOZiTc=
github.com/openabstractions/abstraction-identity v0.2.1-0.20260911225957-3aa75da4cda3/go.mod h1:gv5sDQuTQqv/UY+fXY5Q74i1junNIEvf/5UsZxMxwKY=
github.com/openabstractions/abstraction-job/go v0.4.2-0.20260911220138-fd81f613abbb h1:MTk3QUAXAiwIYnTiLHLp/14KL4YmkBlG5AVnJcvFoNc=
github.com/openabstractions/abstraction-job/go v0.4.2-0.20260911220138-fd81f613abbb/go.mod h1:WpdoOijYPoxt8OtVT49bhdEA8Kr9FVPmP7VPvFr4NvU=
github.com/openabstractions/abstraction-logging/go v0.3.1-0.20260911213753-39a71d754d0d h1:3AzUK0Fw852FnF3UHaNyRnb3fF4mRBoZaIj8SYgsP3Q=
github.com/openabstractions/abstraction-logging/go v0.3.1-0.20260911213753-39a71d754d0d/go.mod h1:33KAKuCq+DGvpa8JHiRHAHG44+wGcUNSQpqF6dQ/an4=
github.com/openabstractions/abstraction-model/go v0.3.0 h1:Eemkl4wJOBWCi91TeUS1g4NE3Ch7EG1sWHakuJP+Nb4=
github.com/openabstractions/abstraction-model/go v0.3.0/go.mod h1:evi89sD/uB2Jm6PHluTErh4+fj4A+JreIt/8TFouNe4=
github.com/openabstractions/abstraction-rights/go v0.2.1-0.20260911173015-486859cb39ca h1:tuArfepRWovNWm5uVae8ZwiLdMtlGc8Yt9X1vB+MQ0Q=
github.com/openabstractions/abstraction-rights/go v0.2.1-0.20260911173015-486859cb39ca/go.mod h1:XQG783S5e/L1hTgs10keuG56VPTYSw3A+vLiR6vqzYw=
github.com/openabstractions/abstraction-router/go v0.0.0-20260911213816-49809b228933 h1:In3k3z6rMAk6cdIwe3G3FjRofqBa8aPstIXl/QIrH18=
github.com/openabstractions/abstraction-router/go v0.0.0-20260911213816-49809b228933/go.mod h1:Xzvud7pO/t3fmXh8vtw+PkJQDkRedUmKR42+vCpLsyg=
github.com/openabstractions/abstraction-storage/go v0.2.0 h1:aVg7v4gkftC83CJmdJeZzPNifvd5YB+uSl3RYaiEfzE=
github.com/openabstractions/abstraction-storage/go v0.2.0/go.mod h1:S2IM4HhwA+cSjGqjD0b2k8QWVxj5nrlutqbUr6lz9I4=
github.com/openabstractions/abstraction-watch/go v0.2.0 h1:+iVl7EYugkQwyGtHBCFKGAfbFlngxS5CIbBk7ilXdWM=
github.com/openabstractions/abstraction-watch/go v0.2.0/go.mod h1:kufwl+bMSixuEwA5r1rftuCLm+JTrXr1NiJ2d0VI9K8=
golang.org/x/sys v0.47.0 h1:o7XGOvZQCADBQQ4Y7VNq2dRWQR7JmOUW8Kxx4ZsNgWs=
golang.org/x/sys v0.47.0/go.mod h1:4GL1E5IUh+htKOUEOaiffhrAeqysfVGipDYzABqnCmw=
