github.com/coder/websocket v1.8.15 h1:6B2JPeOGlpff2Uz6vOEH1Vzpi0iUz20A+lPVhPHtNUA=
github.com/coder/websocket v1.8.15/go.mod h1:NX3SzP+inril6yawo5CQXx8+fk145lPDC6pumgx0mVg=
github.com/golang-jwt/jwt/v5 v5.3.1 h1:kYf81DTWFe7t+1VvL7eS+jKFVWaUnK9cB1qbwn63YCY=
github.com/golang-jwt/jwt/v5 v5.3.1/go.mod h1:fxCRLWMO43lRc8nhHWY6LGqRcf+1gQWArsqaEUEa5bE=
github.com/google/go-cmp v0.7.0 h1:wk8382ETsv4JYUZwIsn6YpYiWiBsYLSJiTsyBybVuN8=
github.com/google/go-cmp v0.7.0/go.mod h1:pXiqmnSA92OHEEa9HXL2W4E7lf9JzCmGVUdgjX3N/iU=
github.com/google/jsonschema-go v0.4.3 h1:/DBOLZTfDow7pe2GmaJNhltueGTtDKICi8V8p+DQPd0=
github.com/google/jsonschema-go v0.4.3/go.mod h1:r5quNTdLOYEz95Ru18zA0ydNbBuYoo9tgaYcxEYhJVE=
github.com/modelcontextprotocol/go-sdk v1.8.0 h1:KIvahhYqwtbeniWVPs3TcXEA7b8jEtwfBpOTAI+Urx4=
github.com/modelcontextprotocol/go-sdk v1.8.0/go.mod h1:dL7u98E/zjJTGzEq+j30jQ8K2k1mb6LeAH4inEcSGts=
github.com/openabstractions/abstraction-asks/go v0.4.0 h1:ECBiNZvlMzDWtft+5mPlUQJZckLMzZGf9/EbvGKuX5c=
github.com/openabstractions/abstraction-asks/go v0.4.0/go.mod h1:kyKWOuAz6r5wAMpfoSnKaAULL0sSRZKhZbZgDsJfU2k=
github.com/openabstractions/abstraction-cas/go v0.4.0 h1:zaAJm5VrYMBQm8U64rtuBS/7MPq0iOB5ZMkA8dsEF1w=
github.com/openabstractions/abstraction-cas/go v0.4.0/go.mod h1:pR8sRTbXF3k7fiXNjNiBqqc7i0Wu9RQvctH3q/wKUYo=
github.com/openabstractions/abstraction-config/go v0.4.0 h1:PMNfoiSTYmV3TD98aW0Q7s5wSzGrcqTLRugvqT2wjbM=
github.com/openabstractions/abstraction-config/go v0.4.0/go.mod h1:wDPVAjo+opY/nU0l37ShM/q4FDO/QIpbsg1BPNDv1RQ=
github.com/openabstractions/abstraction-credentials/go v0.1.0 h1:iyL8EZgiOnmEnT57D6tpHuiFdr0YJfdHSULZS5dX2CY=
github.com/openabstractions/abstraction-credentials/go v0.1.0/go.mod h1:c4uLycHPu72JGXQxN/k8FUhxd4NxpnE6gVMIW/2KyTc=
github.com/openabstractions/abstraction-download/go v0.5.0 h1:vGghmDLEtFq8+yklOo8sp40bgmV7Cr8m9fxyEqJzByg=
github.com/openabstractions/abstraction-download/go v0.5.0/go.mod h1:nQUN6hfg+ZbYXD94ghkwkqureq/2Hj627WcRBYJliaU=
github.com/openabstractions/abstraction-facade/go v0.5.0 h1:DXpPIuuXcsNGkyyButbljihLUWiWYIufbZryWgiMelQ=
github.com/openabstractions/abstraction-facade/go v0.5.0/go.mod h1:uV/INPyEKt9NEJuFUUP+L+3jzjmQE17jU5IUrKD5hhU=
github.com/openabstractions/abstraction-facade/go-core v0.2.0 h1:dKHPBH0Laa8u3RjwhY3Y70tQ52EqXXOqOkHY1sRny6g=
github.com/openabstractions/abstraction-facade/go-core v0.2.0/go.mod h1:XJc+2YDyYAu6vZGMLn12v95nJ3Oow/j5lhX+r+EBnlQ=
github.com/openabstractions/abstraction-identity v0.3.0 h1:NTSP2JxO+1Fi/IHO4PCg+PrtO2aoufzflmPS8U6IPAg=
github.com/openabstractions/abstraction-identity v0.3.0/go.mod h1:gv5sDQuTQqv/UY+fXY5Q74i1junNIEvf/5UsZxMxwKY=
github.com/openabstractions/abstraction-inference/go v0.1.0 h1:/SPVp7nLSCfU97zuUf/bCbotJVFcrBQ2GKZHBn0x3EQ=
github.com/openabstractions/abstraction-inference/go v0.1.0/go.mod h1:F0SQXXImDONmZ51u1NB86XUSbZXS0P3CRpCvDZQ1HAM=
github.com/openabstractions/abstraction-job/go v0.5.0 h1:Dt3uZ2oTEAmRTQoAL/WcUCpJuZ+H4gVVYbYYEJTkpPc=
github.com/openabstractions/abstraction-job/go v0.5.0/go.mod h1:Gt7VkEeSPvUbue6CLlsu27IeXD/N87lj7BCx8k26kyw=
github.com/openabstractions/abstraction-logging/go v0.4.0 h1:d0WJAcd+U1n9/tiUW+OX4R7GGoP1jrdTasq2idaAPJs=
github.com/openabstractions/abstraction-logging/go v0.4.0/go.mod h1:viMUrOy3RZH62g29nb4nSztE25JLuqqN/Xn/MUfDp/8=
github.com/openabstractions/abstraction-model/go v0.4.0 h1:fxhS8dPU3OvyPSSRh9qwYidjFlGxu6BwZaSYn3OAvxg=
github.com/openabstractions/abstraction-model/go v0.4.0/go.mod h1:TFEFFnt5I1Wf6nVL3QgB5xRyV3StMFaWar9evQQjfZ0=
github.com/openabstractions/abstraction-rights/go v0.3.0 h1:HfI/+hWyv4mW/3NQf0KdzqrRUWX3JyHPN/MfxvY8YB4=
github.com/openabstractions/abstraction-rights/go v0.3.0/go.mod h1:/zkLe9i+D5oUX+ximTgfT4kBI+Xh/yYbilWCcHlpUO8=
github.com/openabstractions/abstraction-router/go v0.2.0 h1:0pa9LgEnUUCSPaHzECsJpvI6t3yVm5dVOo4xOi6RoaM=
github.com/openabstractions/abstraction-router/go v0.2.0/go.mod h1:mJ42dIb6i38f/yYLVQdzWh6UnBw69QR6jWqqgY061Gc=
github.com/openabstractions/abstraction-storage/go v0.3.0 h1:lVpgCl09O1X8mCo1R6H8+tTRNTLyiYvaSk89E3BNmpk=
github.com/openabstractions/abstraction-storage/go v0.3.0/go.mod h1:NoYWkDZk3jtfHqU2PfevOjo/Dagt6G53IVkix3SC6nM=
github.com/openabstractions/abstraction-watch/go v0.3.0 h1:cX7ltM7oWkZBbTt6lwKWMAAl1ZmbdXZQcID8v5yB5bg=
github.com/openabstractions/abstraction-watch/go v0.3.0/go.mod h1:kufwl+bMSixuEwA5r1rftuCLm+JTrXr1NiJ2d0VI9K8=
github.com/segmentio/asm v1.1.3 h1:WM03sfUOENvvKexOLp+pCqgb/WDjsi7EK8gIsICtzhc=
github.com/segmentio/asm v1.1.3/go.mod h1:Ld3L4ZXGNcSLRg4JBsZ3//1+f/TjYl0Mzen/DQy1EJg=
github.com/segmentio/encoding v0.5.4 h1:OW1VRern8Nw6ITAtwSZ7Idrl3MXCFwXHPgqESYfvNt0=
github.com/segmentio/encoding v0.5.4/go.mod h1:HS1ZKa3kSN32ZHVZ7ZLPLXWvOVIiZtyJnO1gPH1sKt0=
github.com/yosida95/uritemplate/v3 v3.0.2 h1:Ed3Oyj9yrmi9087+NczuL5BwkIc4wvTb5zIM+UJPGz4=
github.com/yosida95/uritemplate/v3 v3.0.2/go.mod h1:ILOh0sOhIJR3+L/8afwt/kE++YT040gmv5BQTMR2HP4=
golang.org/x/oauth2 v0.35.0 h1:Mv2mzuHuZuY2+bkyWXIHMfhNdJAdwW3FuWeCPYN5GVQ=
golang.org/x/oauth2 v0.35.0/go.mod h1:lzm5WQJQwKZ3nwavOZ3IS5Aulzxi68dUSgRHujetwEA=
golang.org/x/sync v0.20.0 h1:e0PTpb7pjO8GAtTs2dQ6jYa5BWYlMuX047Dco/pItO4=
golang.org/x/sync v0.20.0/go.mod h1:9xrNwdLfx4jkKbNva9FpL6vEN7evnE43NNNJQ2LF3+0=
golang.org/x/sys v0.47.0 h1:o7XGOvZQCADBQQ4Y7VNq2dRWQR7JmOUW8Kxx4ZsNgWs=
golang.org/x/sys v0.47.0/go.mod h1:4GL1E5IUh+htKOUEOaiffhrAeqysfVGipDYzABqnCmw=
golang.org/x/time v0.15.0 h1:bbrp8t3bGUeFOx08pvsMYRTCVSMk89u4tKbNOZbp88U=
golang.org/x/time v0.15.0/go.mod h1:Y4YMaQmXwGQZoFaVFk4YpCt4FLQMYKZe9oeV/f4MSno=
golang.org/x/tools v0.42.0 h1:uNgphsn75Tdz5Ji2q36v/nsFSfR/9BRFvqhGBaJGd5k=
golang.org/x/tools v0.42.0/go.mod h1:Ma6lCIwGZvHK6XtgbswSoWroEkhugApmsXyrUmBhfr0=
