# This file is automatically @generated by Cargo.
# It is not intended for manual editing.
version = 4

[[package]]
name = "abstraction-credentials-api"
version = "0.0.0"
dependencies = [
 "abstraction-frame",
]

[[package]]
name = "abstraction-facade-credentials"
version = "0.0.0"
dependencies = [
 "abstraction-credentials-api",
 "abstraction-facade-service",
]

[[package]]
name = "abstraction-facade-native"
version = "0.0.0"
dependencies = [
 "abstraction-facade-service",
 "abstraction-ipc",
]

[[package]]
name = "abstraction-facade-service"
version = "0.0.0"
dependencies = [
 "abstraction-frame",
]

[[package]]
name = "abstraction-frame"
version = "0.0.0"

[[package]]
name = "abstraction-ipc"
version = "0.0.0"
dependencies = [
 "abstraction-frame",
]

[[package]]
name = "credentials-consumer"
version = "0.0.0"
dependencies = [
 "abstraction-facade-credentials",
 "abstraction-facade-native",
]
