# This file is automatically @generated by Cargo.
# It is not intended for manual editing.
version = 4

[[package]]
name = "abstraction-facade-logging"
version = "0.0.0"
dependencies = [
 "abstraction-facade-service",
 "abstraction-logging-api",
]

[[package]]
name = "abstraction-facade-native"
version = "0.0.0"
dependencies = [
 "abstraction-facade-service",
 "abstraction-ipc",
]

[[package]]
name = "abstraction-facade-service"
version = "0.0.0"
dependencies = [
 "abstraction-frame",
]

[[package]]
name = "abstraction-frame"
version = "0.0.0"

[[package]]
name = "abstraction-ipc"
version = "0.0.0"
dependencies = [
 "abstraction-frame",
]

[[package]]
name = "abstraction-logging-api"
version = "0.0.0"
dependencies = [
 "abstraction-frame",
]

[[package]]
name = "outside-rust-services-consumer"
version = "0.0.0"
dependencies = [
 "abstraction-facade-logging",
 "abstraction-facade-native",
 "abstraction-facade-service",
 "abstraction-ipc",
]
