github.com/openabstractions/abstraction-cas/go v0.2.0 h1:p9oKcdfO2ogoWh59G+gUivIzsi/zuhhGobZjkqIrbaE=
github.com/openabstractions/abstraction-cas/go v0.2.0/go.mod h1:pR8sRTbXF3k7fiXNjNiBqqc7i0Wu9RQvctH3q/wKUYo=
github.com/openabstractions/abstraction-config/go v0.3.1-0.20260911233857-35b6e4f310bf h1:FseWP7eYopIb8lfELbqN6B8Okz6eaFGRJyxwV7P8Eac=
github.com/openabstractions/abstraction-config/go v0.3.1-0.20260911233857-35b6e4f310bf/go.mod h1:72nKdZLB5BEE8LxNRzluRDT2ZCv0GrxcU4mujUG4gI8=
github.com/openabstractions/abstraction-download/go v0.4.2-0.20260911224658-e6aa8a378ff0 h1:Du+HVvDT/bP1ByrvYoO/QI/28r9ZTp642hkRh/1Q9pM=
github.com/openabstractions/abstraction-download/go v0.4.2-0.20260911224658-e6aa8a378ff0/go.mod h1:B9WcuTxlLdzIA+k/3HvKqtVxTXGCvdlQvRsvcqGNUaY=
github.com/openabstractions/abstraction-facade/go v0.3.0 h1:3NPgIJwk/q21so5483URpV3xAUirwLA++lzIFoOCKso=
github.com/openabstractions/abstraction-facade/go v0.3.0/go.mod h1:pnKZStNekbIyjtA/yXVOXq8v20SvRuU/JmOYdDKp8w4=
github.com/openabstractions/abstraction-identity v0.2.1-0.20260911225957-3aa75da4cda3 h1:UVTRY5BNU58aGM7rrcZSZBuk6i6Gie05Zk77gQOZiTc=
github.com/openabstractions/abstraction-identity v0.2.1-0.20260911225957-3aa75da4cda3/go.mod h1:gv5sDQuTQqv/UY+fXY5Q74i1junNIEvf/5UsZxMxwKY=
github.com/openabstractions/abstraction-job/go v0.4.2-0.20260911220138-fd81f613abbb h1:MTk3QUAXAiwIYnTiLHLp/14KL4YmkBlG5AVnJcvFoNc=
github.com/openabstractions/abstraction-job/go v0.4.2-0.20260911220138-fd81f613abbb/go.mod h1:WpdoOijYPoxt8OtVT49bhdEA8Kr9FVPmP7VPvFr4NvU=
github.com/openabstractions/abstraction-logging/go v0.2.0 h1:I6x+7haHk50Yf0Kde+TCyME6UTOURA4LjZ5LKjbBOP0=
github.com/openabstractions/abstraction-logging/go v0.2.0/go.mod h1:fKrDoO40X5rAvb+wQj43qoHCLvw+gXs4DN9K5bXCIb0=
github.com/openabstractions/abstraction-storage/go v0.2.0 h1:aVg7v4gkftC83CJmdJeZzPNifvd5YB+uSl3RYaiEfzE=
github.com/openabstractions/abstraction-storage/go v0.2.0/go.mod h1:S2IM4HhwA+cSjGqjD0b2k8QWVxj5nrlutqbUr6lz9I4=
github.com/openabstractions/abstraction-watch/go v0.2.0 h1:+iVl7EYugkQwyGtHBCFKGAfbFlngxS5CIbBk7ilXdWM=
github.com/openabstractions/abstraction-watch/go v0.2.0/go.mod h1:kufwl+bMSixuEwA5r1rftuCLm+JTrXr1NiJ2d0VI9K8=
golang.org/x/sys v0.47.0 h1:o7XGOvZQCADBQQ4Y7VNq2dRWQR7JmOUW8Kxx4ZsNgWs=
golang.org/x/sys v0.47.0/go.mod h1:4GL1E5IUh+htKOUEOaiffhrAeqysfVGipDYzABqnCmw=
