github.com/openabstractions/abstraction-cas/go v0.2.0 h1:p9oKcdfO2ogoWh59G+gUivIzsi/zuhhGobZjkqIrbaE=
github.com/openabstractions/abstraction-cas/go v0.2.0/go.mod h1:pR8sRTbXF3k7fiXNjNiBqqc7i0Wu9RQvctH3q/wKUYo=
github.com/openabstractions/abstraction-config/go v0.3.1-0.20260911213804-e441cd521a36 h1:Vo0q4mebA9Aje2rPXXJpGogpKpY3e+iH+uWvZsY7bqg=
github.com/openabstractions/abstraction-config/go v0.3.1-0.20260911213804-e441cd521a36/go.mod h1:h0P6VMVR/9rT+vBEQuvG+hplhg0OJx2rxfVz+AjljRk=
github.com/openabstractions/abstraction-download/go v0.4.2-0.20260911172954-807f9a7a9071 h1:FyYDKqUjY8p+764Ctfe+uQvyYSliGsnOGAUYrRW3uSg=
github.com/openabstractions/abstraction-download/go v0.4.2-0.20260911172954-807f9a7a9071/go.mod h1:GIlqGZSdLQHFYPRAIOx0YHIiwfJ+LUuamesbpHOFx34=
github.com/openabstractions/abstraction-facade/go v0.3.0 h1:3NPgIJwk/q21so5483URpV3xAUirwLA++lzIFoOCKso=
github.com/openabstractions/abstraction-facade/go v0.3.0/go.mod h1:pnKZStNekbIyjtA/yXVOXq8v20SvRuU/JmOYdDKp8w4=
github.com/openabstractions/abstraction-identity v0.2.1-0.20260911220117-9b3c2c8c4576 h1:kSjEImomwrf9Cbft+Zv75kTFfoRXnJDSuD1IBh6ziWc=
github.com/openabstractions/abstraction-identity v0.2.1-0.20260911220117-9b3c2c8c4576/go.mod h1:gv5sDQuTQqv/UY+fXY5Q74i1junNIEvf/5UsZxMxwKY=
github.com/openabstractions/abstraction-job/go v0.4.2-0.20260911170039-843094934520 h1:xGHukEfC2Foib1QAZrBRa7pOVR0j2Bq21IEXxhsRDdY=
github.com/openabstractions/abstraction-job/go v0.4.2-0.20260911170039-843094934520/go.mod h1:WpdoOijYPoxt8OtVT49bhdEA8Kr9FVPmP7VPvFr4NvU=
github.com/openabstractions/abstraction-logging/go v0.2.0 h1:I6x+7haHk50Yf0Kde+TCyME6UTOURA4LjZ5LKjbBOP0=
github.com/openabstractions/abstraction-logging/go v0.2.0/go.mod h1:fKrDoO40X5rAvb+wQj43qoHCLvw+gXs4DN9K5bXCIb0=
github.com/openabstractions/abstraction-storage/go v0.2.0 h1:aVg7v4gkftC83CJmdJeZzPNifvd5YB+uSl3RYaiEfzE=
github.com/openabstractions/abstraction-storage/go v0.2.0/go.mod h1:S2IM4HhwA+cSjGqjD0b2k8QWVxj5nrlutqbUr6lz9I4=
github.com/openabstractions/abstraction-watch/go v0.2.0 h1:+iVl7EYugkQwyGtHBCFKGAfbFlngxS5CIbBk7ilXdWM=
github.com/openabstractions/abstraction-watch/go v0.2.0/go.mod h1:kufwl+bMSixuEwA5r1rftuCLm+JTrXr1NiJ2d0VI9K8=
golang.org/x/sys v0.47.0 h1:o7XGOvZQCADBQQ4Y7VNq2dRWQR7JmOUW8Kxx4ZsNgWs=
golang.org/x/sys v0.47.0/go.mod h1:4GL1E5IUh+htKOUEOaiffhrAeqysfVGipDYzABqnCmw=
