# This file is automatically @generated by Cargo.
# It is not intended for manual editing.
version = 4

[[package]]
name = "abstraction-frame"
version = "0.0.0"

[[package]]
name = "abstraction-ipc"
version = "0.0.0"
dependencies = [
 "abstraction-frame",
]

[[package]]
name = "percall-probe"
version = "0.0.0"
dependencies = [
 "abstraction-ipc",
]
